
Microsoft Visual Studio Solution File, Format Version 12.00
# Visual Studio Version 17
VisualStudioVersion = 17.14.36429.23
MinimumVisualStudioVersion = 10.0.40219.1
Project("{FAE04EC0-301F-11D3-BF4B-00C04F79EFBC}") = "Ecommerce", "Ecommerce\Ecommerce.csproj", "{F6900F3A-BA33-4301-96A7-DEE1D3B04091}"
EndProject
Project("{FAE04EC0-301F-11D3-BF4B-00C04F79EFBC}") = "ECommerce516", "..\..\..\source\repos\ECommerce516\ECommerce516\ECommerce516.csproj", "{D007941C-D4E3-224E-1879-8F12BFF4823E}"
EndProject
Global
	GlobalSection(SolutionConfigurationPlatforms) = preSolution
		Debug|Any CPU = Debug|Any CPU
		Release|Any CPU = Release|Any CPU
	EndGlobalSection
	GlobalSection(ProjectConfigurationPlatforms) = postSolution
		{F6900F3A-BA33-4301-96A7-DEE1D3B04091}.Debug|Any CPU.ActiveCfg = Debug|Any CPU
		{F6900F3A-BA33-4301-96A7-DEE1D3B04091}.Debug|Any CPU.Build.0 = Debug|Any CPU
		{F6900F3A-BA33-4301-96A7-DEE1D3B04091}.Release|Any CPU.ActiveCfg = Release|Any CPU
		{F6900F3A-BA33-4301-96A7-DEE1D3B04091}.Release|Any CPU.Build.0 = Release|Any CPU
		{D007941C-D4E3-224E-1879-8F12BFF4823E}.Debug|Any CPU.ActiveCfg = Debug|Any CPU
		{D007941C-D4E3-224E-1879-8F12BFF4823E}.Debug|Any CPU.Build.0 = Debug|Any CPU
		{D007941C-D4E3-224E-1879-8F12BFF4823E}.Release|Any CPU.ActiveCfg = Release|Any CPU
		{D007941C-D4E3-224E-1879-8F12BFF4823E}.Release|Any CPU.Build.0 = Release|Any CPU
	EndGlobalSection
	GlobalSection(SolutionProperties) = preSolution
		HideSolutionNode = FALSE
	EndGlobalSection
	GlobalSection(ExtensibilityGlobals) = postSolution
		SolutionGuid = {51721302-C359-4653-A2D8-9E155CD0DBD7}
	EndGlobalSection
EndGlobal
